
Microsoft Visual Studio Solution File, Format Version 12.00
# Visual Studio Version 17
VisualStudioVersion = 17.5.002.0
MinimumVisualStudioVersion = 10.0.40219.1
Project("{9A19103F-16F7-4668-BE54-9A1E7A4F7556}") = "Teste Técnico", "Teste Técnico.csproj", "{026F2FF8-5F5B-4001-ACC8-DB8E50AB2E33}"
EndProject
Global
	GlobalSection(SolutionConfigurationPlatforms) = preSolution
		Debug|Any CPU = Debug|Any CPU
		Release|Any CPU = Release|Any CPU
	EndGlobalSection
	GlobalSection(ProjectConfigurationPlatforms) = postSolution
		{026F2FF8-5F5B-4001-ACC8-DB8E50AB2E33}.Debug|Any CPU.ActiveCfg = Debug|Any CPU
		{026F2FF8-5F5B-4001-ACC8-DB8E50AB2E33}.Debug|Any CPU.Build.0 = Debug|Any CPU
		{026F2FF8-5F5B-4001-ACC8-DB8E50AB2E33}.Release|Any CPU.ActiveCfg = Release|Any CPU
		{026F2FF8-5F5B-4001-ACC8-DB8E50AB2E33}.Release|Any CPU.Build.0 = Release|Any CPU
	EndGlobalSection
	GlobalSection(SolutionProperties) = preSolution
		HideSolutionNode = FALSE
	EndGlobalSection
	GlobalSection(ExtensibilityGlobals) = postSolution
		SolutionGuid = {CD9CEEB4-5D8B-442A-AC9F-92A684D9C42A}
	EndGlobalSection
EndGlobal
